# auto-generated by grc.converter

id: fhss_utils_burst_measure
label: Burst Measure
category: '[Sandia]/FHSS Utilities'

inputs:
-   domain: message
    id: cpdus

outputs:
-   domain: message
    id: cpdus
    optional: true

templates:
    imports: import fhss_utils
    make: fhss_utils.burst_measure()

documentation: |-
    This block performs signal energy and bandwidth estimates on downmixed bursts.
    This block is meant to follow the Burst Downmix block.

    There are no parameters, since all necessary information is in the PDU metadata.
    Measurements are added to the PDU metadata.

file_format: 1
