# auto-generated by grc.converter

id: fhss_utils_tagged_burst_to_pdu
label: Tagged Burst to PDU
category: '[Sandia]/FHSS Utilities'

parameters:
-   id: decimation
    label: Decimation
    dtype: int
    default: '16'
-   id: taps
    label: Filter Taps
    dtype: float_vector
-   id: min_burst_time
    label: Min Burst Time
    dtype: float
    default: '.003'
-   id: max_burst_time
    label: Max Burst Time
    dtype: float
    default: '.5'
-   id: relative_center_frequency
    label: Relative Center Frequency
    dtype: float
    default: '0.0'
-   id: relative_span
    label: Relative Span
    dtype: float
    default: '1.0'
-   id: relative_sample_rate
    label: Relative Sample Rate
    dtype: float
    default: '1.0'
-   id: sample_rate
    label: Sample Rate
    dtype: float
    default: 16e6
-   id: threads
    label: Num Threads
    dtype: int
    default: '3'
    hide: part

inputs:
-   domain: stream
    dtype: complex

outputs:
-   domain: message
    id: cpdus

templates:
    imports: import fhss_utils
    make: fhss_utils.tagged_burst_to_pdu(${decimation}, ${taps}, ${min_burst_time},
        ${max_burst_time}, ${relative_center_frequency}, ${relative_span}, ${relative_sample_rate},
        ${sample_rate}, ${threads})

file_format: 1
