# auto-generated by grc.converter

id: fhss_utils_fft_peak
label: FFT Peak
category: '[Sandia]/FHSS Utilities'

parameters:
-   id: fft_len
    label: FFT Length
    dtype: raw
    default: '32'
    hide: none

inputs:
-   domain: stream
    dtype: complex
    vlen: 1

outputs:
-   label: max_i
    domain: stream
    dtype: float
    vlen: 1
-   label: fft
    domain: stream
    dtype: float
    vlen: 1
    optional: true

templates:
    imports: import fhss_utils
    make: fhss_utils.fft_peak(${fft_len})
    callbacks:
    - set_fft_len(${fft_len})

file_format: 1
